
Microsoft Visual Studio Solution File, Format Version 12.00
# Visual Studio Version 17
VisualStudioVersion = 17.5.002.0
MinimumVisualStudioVersion = 10.0.40219.1
Project("{2150E333-8FDC-42A3-9474-1A3956D46DE8}") = "Core", "Core", "{06A7F0D0-6F7E-450E-8BBC-18D0F1525040}"
EndProject
Project("{9A19103F-16F7-4668-BE54-9A1E7A4F7556}") = "CoreApi8_OnionArc.Domain", "Core\CoreApi8_OnionArc.Domain\CoreApi8_OnionArc.Domain.csproj", "{57C9ABAE-A529-4155-BB6D-D196DA76EF1E}"
EndProject
Project("{FAE04EC0-301F-11D3-BF4B-00C04F79EFBC}") = "CoreApi8_OnionArc.Persistence", "Insfrastructure\CoreApi8_OnionArc.Persistence\CoreApi8_OnionArc.Persistence.csproj", "{7D20B126-FE5F-42F2-BDFE-7601BDC9C1A1}"
EndProject
Project("{2150E333-8FDC-42A3-9474-1A3956D46DE8}") = "Infrastructure", "Infrastructure", "{48A9057B-3E2B-4C3D-A068-898E217AAA58}"
EndProject
Project("{2150E333-8FDC-42A3-9474-1A3956D46DE8}") = "Presentation", "Presentation", "{4962AB9A-E9B3-4BF3-A532-F396FA3ABD68}"
EndProject
Project("{FAE04EC0-301F-11D3-BF4B-00C04F79EFBC}") = "CoreApi8_OnionArc.Application", "Core\CoreApi8_OnionArc.Application\CoreApi8_OnionArc.Application.csproj", "{AEA690AD-5A73-4835-9D6F-C3D6CCFAD9D5}"
EndProject
Project("{FAE04EC0-301F-11D3-BF4B-00C04F79EFBC}") = "CoreApi8_OnionArc.WebApi", "Presentation\CoreApi8_OnionArc.WebApi\CoreApi8_OnionArc.WebApi.csproj", "{63BE8926-0675-42C8-A316-B1D42281ABA6}"
EndProject
Project("{2150E333-8FDC-42A3-9474-1A3956D46DE8}") = "Frontends", "Frontends", "{D3EC5E52-3B7E-4286-93EA-26CD94668EC5}"
EndProject
Project("{FAE04EC0-301F-11D3-BF4B-00C04F79EFBC}") = "CoreApi8_OnionArc.WebUI", "Frontends\CoreApi8_OnionArc.WebUI\CoreApi8_OnionArc.WebUI.csproj", "{80C1DE23-B0F8-4B59-8AF3-3C5597A06CC6}"
EndProject
Global
	GlobalSection(SolutionConfigurationPlatforms) = preSolution
		Debug|Any CPU = Debug|Any CPU
		Release|Any CPU = Release|Any CPU
	EndGlobalSection
	GlobalSection(ProjectConfigurationPlatforms) = postSolution
		{57C9ABAE-A529-4155-BB6D-D196DA76EF1E}.Debug|Any CPU.ActiveCfg = Debug|Any CPU
		{57C9ABAE-A529-4155-BB6D-D196DA76EF1E}.Debug|Any CPU.Build.0 = Debug|Any CPU
		{57C9ABAE-A529-4155-BB6D-D196DA76EF1E}.Release|Any CPU.ActiveCfg = Release|Any CPU
		{57C9ABAE-A529-4155-BB6D-D196DA76EF1E}.Release|Any CPU.Build.0 = Release|Any CPU
		{7D20B126-FE5F-42F2-BDFE-7601BDC9C1A1}.Debug|Any CPU.ActiveCfg = Debug|Any CPU
		{7D20B126-FE5F-42F2-BDFE-7601BDC9C1A1}.Debug|Any CPU.Build.0 = Debug|Any CPU
		{7D20B126-FE5F-42F2-BDFE-7601BDC9C1A1}.Release|Any CPU.ActiveCfg = Release|Any CPU
		{7D20B126-FE5F-42F2-BDFE-7601BDC9C1A1}.Release|Any CPU.Build.0 = Release|Any CPU
		{AEA690AD-5A73-4835-9D6F-C3D6CCFAD9D5}.Debug|Any CPU.ActiveCfg = Debug|Any CPU
		{AEA690AD-5A73-4835-9D6F-C3D6CCFAD9D5}.Debug|Any CPU.Build.0 = Debug|Any CPU
		{AEA690AD-5A73-4835-9D6F-C3D6CCFAD9D5}.Release|Any CPU.ActiveCfg = Release|Any CPU
		{AEA690AD-5A73-4835-9D6F-C3D6CCFAD9D5}.Release|Any CPU.Build.0 = Release|Any CPU
		{63BE8926-0675-42C8-A316-B1D42281ABA6}.Debug|Any CPU.ActiveCfg = Debug|Any CPU
		{63BE8926-0675-42C8-A316-B1D42281ABA6}.Debug|Any CPU.Build.0 = Debug|Any CPU
		{63BE8926-0675-42C8-A316-B1D42281ABA6}.Release|Any CPU.ActiveCfg = Release|Any CPU
		{63BE8926-0675-42C8-A316-B1D42281ABA6}.Release|Any CPU.Build.0 = Release|Any CPU
		{80C1DE23-B0F8-4B59-8AF3-3C5597A06CC6}.Debug|Any CPU.ActiveCfg = Debug|Any CPU
		{80C1DE23-B0F8-4B59-8AF3-3C5597A06CC6}.Debug|Any CPU.Build.0 = Debug|Any CPU
		{80C1DE23-B0F8-4B59-8AF3-3C5597A06CC6}.Release|Any CPU.ActiveCfg = Release|Any CPU
		{80C1DE23-B0F8-4B59-8AF3-3C5597A06CC6}.Release|Any CPU.Build.0 = Release|Any CPU
	EndGlobalSection
	GlobalSection(SolutionProperties) = preSolution
		HideSolutionNode = FALSE
	EndGlobalSection
	GlobalSection(NestedProjects) = preSolution
		{57C9ABAE-A529-4155-BB6D-D196DA76EF1E} = {06A7F0D0-6F7E-450E-8BBC-18D0F1525040}
		{7D20B126-FE5F-42F2-BDFE-7601BDC9C1A1} = {48A9057B-3E2B-4C3D-A068-898E217AAA58}
		{AEA690AD-5A73-4835-9D6F-C3D6CCFAD9D5} = {06A7F0D0-6F7E-450E-8BBC-18D0F1525040}
		{63BE8926-0675-42C8-A316-B1D42281ABA6} = {4962AB9A-E9B3-4BF3-A532-F396FA3ABD68}
		{80C1DE23-B0F8-4B59-8AF3-3C5597A06CC6} = {D3EC5E52-3B7E-4286-93EA-26CD94668EC5}
	EndGlobalSection
	GlobalSection(ExtensibilityGlobals) = postSolution
		SolutionGuid = {B4C3C816-470B-4A19-8394-F0F5603D957D}
	EndGlobalSection
EndGlobal
